
Microsoft Visual Studio Solution File, Format Version 12.00
# Visual Studio Version 17
VisualStudioVersion = 17.8.34511.84
MinimumVisualStudioVersion = 10.0.40219.1
Project("{FAE04EC0-301F-11D3-BF4B-00C04F79EFBC}") = "Downsampler", "Downsampler.csproj", "{F1EFB232-D4F1-471C-A2BA-0CC604F24D62}"
EndProject
Global
	GlobalSection(SolutionConfigurationPlatforms) = preSolution
		Debug|Any CPU = Debug|Any CPU
		Release|Any CPU = Release|Any CPU
	EndGlobalSection
	GlobalSection(ProjectConfigurationPlatforms) = postSolution
		{F1EFB232-D4F1-471C-A2BA-0CC604F24D62}.Debug|Any CPU.ActiveCfg = Debug|Any CPU
		{F1EFB232-D4F1-471C-A2BA-0CC604F24D62}.Debug|Any CPU.Build.0 = Debug|Any CPU
		{F1EFB232-D4F1-471C-A2BA-0CC604F24D62}.Release|Any CPU.ActiveCfg = Release|Any CPU
		{F1EFB232-D4F1-471C-A2BA-0CC604F24D62}.Release|Any CPU.Build.0 = Release|Any CPU
	EndGlobalSection
	GlobalSection(SolutionProperties) = preSolution
		HideSolutionNode = FALSE
	EndGlobalSection
	GlobalSection(ExtensibilityGlobals) = postSolution
		SolutionGuid = {E769C37F-FCE3-4704-8E89-BEFE307A8B4D}
	EndGlobalSection
EndGlobal
